{
  "name": "airline-codes",
  "version": "1.1.6",
  "lockfileVersion": 3,
  "requires": true,
  "packages": {
    "": {
      "name": "airline-codes",
      "version": "1.1.6",
      "license": "ISC",
      "dependencies": {
        "backbone": "^1.1.2",
        "csv": "^6.6.3",
        "JSONStream": "^1.0.4",
        "lodash": "^4.17.21"
      }
    },
    "node_modules/backbone": {
      "version": "1.6.1",
      "resolved": "https://registry.npmjs.org/backbone/-/backbone-1.6.1.tgz",
      "integrity": "sha512-YQzWxOrIgL6BoFnZjThVN99smKYhyEXXFyJJ2lsF1wJLyo4t+QjmkLrH8/fN22FZ4ykF70Xq7PgTugJVR4zS9Q==",
      "license": "MIT",
      "dependencies": {
        "underscore": ">=1.8.3"
      }
    },
    "node_modules/csv": {
      "version": "6.6.3",
      "resolved": "https://registry.npmjs.org/csv/-/csv-6.6.3.tgz",
      "integrity": "sha512-X2AnOgcxqV+OdLm1M2FOl+bPQrM1LK1jwo4FhEoq8hi8JTR0tQ8ZWv3x3N2gVMIuUmpb4CLrV08rTP49IdFQ8w==",
      "license": "MIT",
      "dependencies": {
        "csv-generate": "^4.6.1",
        "csv-parse": "^7.0.2",
        "csv-stringify": "^6.8.3",
        "stream-transform": "^3.5.1"
      },
      "engines": {
        "node": ">= 0.1.90"
      }
    },
    "node_modules/csv-generate": {
      "version": "4.6.1",
      "resolved": "https://registry.npmjs.org/csv-generate/-/csv-generate-4.6.1.tgz",
      "integrity": "sha512-eELl9K716LSSeP2/YcCjch525JztnnERe3jEARWw2v1FN9ukUYfZTNYZ4Rq2Jj/MFKMauffOy9VCaqQTpFThDQ==",
      "license": "MIT"
    },
    "node_modules/csv-parse": {
      "version": "7.0.2",
      "resolved": "https://registry.npmjs.org/csv-parse/-/csv-parse-7.0.2.tgz",
      "integrity": "sha512-uKZghv9UmPkMVLYy//KZ9HFAIJsl7wkhoEdIL0+rhuSY9pZQlhaeGEDPIe+/w7eh81MOql8Q/9+inAGWG6ZHYA==",
      "license": "MIT"
    },
    "node_modules/csv-stringify": {
      "version": "6.8.3",
      "resolved": "https://registry.npmjs.org/csv-stringify/-/csv-stringify-6.8.3.tgz",
      "integrity": "sha512-gIeSCvq5F4VtXV3naV3VAewLhBkiZBz+PPhTOA8H3Y8h/ELa+R1ml0GZck/4/Nzo9ep2lvOluilJ6MJlbZsKMA==",
      "license": "MIT"
    },
    "node_modules/jsonparse": {
      "version": "1.3.1",
      "resolved": "https://registry.npmjs.org/jsonparse/-/jsonparse-1.3.1.tgz",
      "integrity": "sha512-POQXvpdL69+CluYsillJ7SUhKvytYjW9vG/GKpnf+xP8UWgYEM/RaMzHHofbALDiKbbP1W8UEYmgGl39WkPZsg==",
      "engines": [
        "node >= 0.2.0"
      ],
      "license": "MIT"
    },
    "node_modules/JSONStream": {
      "version": "1.3.5",
      "resolved": "https://registry.npmjs.org/JSONStream/-/JSONStream-1.3.5.tgz",
      "integrity": "sha512-E+iruNOY8VV9s4JEbe1aNEm6MiszPRr/UfcHMz0TQh1BXSxHK+ASV1R6W4HpjBhSeS+54PIsAMCBmwD06LLsqQ==",
      "license": "(MIT OR Apache-2.0)",
      "dependencies": {
        "jsonparse": "^1.2.0",
        "through": ">=2.2.7 <3"
      },
      "bin": {
        "JSONStream": "bin.js"
      },
      "engines": {
        "node": "*"
      }
    },
    "node_modules/lodash": {
      "version": "4.18.1",
      "resolved": "https://registry.npmjs.org/lodash/-/lodash-4.18.1.tgz",
      "integrity": "sha512-dMInicTPVE8d1e5otfwmmjlxkZoUpiVLwyeTdUsi/Caj/gfzzblBcCE5sRHV/AsjuCmxWrte2TNGSYuCeCq+0Q==",
      "license": "MIT"
    },
    "node_modules/stream-transform": {
      "version": "3.5.1",
      "resolved": "https://registry.npmjs.org/stream-transform/-/stream-transform-3.5.1.tgz",
      "integrity": "sha512-TTDX+qKFr7GGRXATn66rprmlFPx08W0UBIccE/rMPgW2sT7GovduZYP4xcdJ7Nu2YigF17U+CNFxYY11+W1oPw==",
      "license": "MIT"
    },
    "node_modules/through": {
      "version": "2.3.8",
      "resolved": "https://registry.npmjs.org/through/-/through-2.3.8.tgz",
      "integrity": "sha512-w89qg7PI8wAdvX60bMDP+bFoD5Dvhm9oLheFp5O4a2QF0cSBGsBX4qZmadPMvVqlLJBBci+WqGGOAPvcDeNSVg==",
      "license": "MIT"
    },
    "node_modules/underscore": {
      "version": "1.13.8",
      "resolved": "https://registry.npmjs.org/underscore/-/underscore-1.13.8.tgz",
      "integrity": "sha512-DXtD3ZtEQzc7M8m4cXotyHR+FAS18C64asBYY5vqZexfYryNNnDc02W4hKg3rdQuqOYas1jkseX0+nZXjTXnvQ==",
      "license": "MIT"
    }
  }
}
